
Microsoft Visual Studio Solution File, Format Version 11.00
# Visual Studio 2010
Project("{FAE04EC0-301F-11D3-BF4B-00C04F79EFBC}") = "ProyectoUVG", "Assembly-CSharp.csproj", "{BDCCE410-07ED-D8DD-8C40-B2562D617FB1}"
EndProject
Global
	GlobalSection(SolutionConfigurationPlatforms) = preSolution
		Debug|Any CPU = Debug|Any CPU
		Release|Any CPU = Release|Any CPU
	EndGlobalSection
	GlobalSection(ProjectConfigurationPlatforms) = postSolution
		{BDCCE410-07ED-D8DD-8C40-B2562D617FB1}.Debug|Any CPU.ActiveCfg = Debug|Any CPU
		{BDCCE410-07ED-D8DD-8C40-B2562D617FB1}.Debug|Any CPU.Build.0 = Debug|Any CPU
		{BDCCE410-07ED-D8DD-8C40-B2562D617FB1}.Release|Any CPU.ActiveCfg = Release|Any CPU
		{BDCCE410-07ED-D8DD-8C40-B2562D617FB1}.Release|Any CPU.Build.0 = Release|Any CPU
	EndGlobalSection
	GlobalSection(SolutionProperties) = preSolution
		HideSolutionNode = FALSE
	EndGlobalSection
	GlobalSection(MonoDevelopProperties) = preSolution
		StartupItem = Assembly-CSharp.csproj
	EndGlobalSection
EndGlobal
